{
  "object": {
    "pins": [
      {
        "package": "HouseKit",
        "repositoryURL": "https://github.com/davidahouse/HouseKit",
        "state": {
          "branch": "main",
          "revision": "2d3e00086ecf0ce7ab827beb606a1d3a2a30e699",
          "version": null
        }
      },
      {
        "package": "SwiftyMarkdown",
        "repositoryURL": "https://github.com/SimonFairbairn/SwiftyMarkdown",
        "state": {
          "branch": null,
          "revision": "5b0a1e76332a633726f9f9a00b4bbd840166bccf",
          "version": "1.2.3"
        }
      }
    ]
  },
  "version": 1
}
