{
  "object": {
    "pins": [
      {
        "package": "Down",
        "repositoryURL": "https://github.com/iwasrobbed/Down",
        "state": {
          "branch": null,
          "revision": "731f6bbab24ab208ea2d6a944e3f8a8a9d5273c7",
          "version": "0.9.4"
        }
      },
      {
        "package": "HouseKit",
        "repositoryURL": "https://github.com/davidahouse/HouseKit",
        "state": {
          "branch": "main",
          "revision": "b0b249c3b5079b68985a2da29fdce25e5f3c2f3f",
          "version": null
        }
      },
      {
        "package": "Parma",
        "repositoryURL": "https://github.com/dasautoooo/Parma",
        "state": {
          "branch": null,
          "revision": "5aa1de6cdbbd37a38d56f3b55bed94d1dc48ec96",
          "version": "0.2.0"
        }
      }
    ]
  },
  "version": 1
}
