{
  "pins" : [
    {
      "identity" : "down",
      "kind" : "remoteSourceControl",
      "location" : "https://github.com/iwasrobbed/Down",
      "state" : {
        "revision" : "f34b166be1f1db4aa8f573067e901d72f2a6be57",
        "version" : "0.11.0"
      }
    },
    {
      "identity" : "housekit",
      "kind" : "remoteSourceControl",
      "location" : "https://github.com/davidahouse/HouseKit",
      "state" : {
        "branch" : "main",
        "revision" : "b0b249c3b5079b68985a2da29fdce25e5f3c2f3f"
      }
    },
    {
      "identity" : "parma",
      "kind" : "remoteSourceControl",
      "location" : "https://github.com/dasautoooo/Parma",
      "state" : {
        "revision" : "5aa1de6cdbbd37a38d56f3b55bed94d1dc48ec96",
        "version" : "0.2.0"
      }
    }
  ],
  "version" : 2
}
